{
  "originHash" : "5e41912cedd6cb02939dbe4795e4ce58758a39ac2d3dbbbd45767eccdbced30f",
  "pins" : [
    {
      "identity" : "cloudkitsyncmonitor",
      "kind" : "remoteSourceControl",
      "location" : "https://github.com/marcusraitner/CloudKitSyncMonitor.git",
      "state" : {
        "branch" : "main",
        "revision" : "0df4ec9a7ce5e361ea8210c7e4322f545684ef0f"
      }
    }
  ],
  "version" : 3
}
